// !$*UTF8*$!
{
	archiveVersion = 1;
	classes = {
	};
	objectVersion = 55;
	objects = {

/* Begin PBXBuildFile section */
		43011A1A286A345600016C49 /* AppDelegate.swift in Sources */ = {isa = PBXBuildFile; fileRef = 43011A19286A345600016C49 /* AppDelegate.swift */; };
		43011A1C286A345600016C49 /* SceneDelegate.swift in Sources */ = {isa = PBXBuildFile; fileRef = 43011A1B286A345600016C49 /* SceneDelegate.swift */; };
		43011A23286A345800016C49 /* Assets.xcassets in Resources */ = {isa = PBXBuildFile; fileRef = 43011A22286A345800016C49 /* Assets.xcassets */; };
		43011A26286A345800016C49 /* LaunchScreen.storyboard in Resources */ = {isa = PBXBuildFile; fileRef = 43011A24286A345800016C49 /* LaunchScreen.storyboard */; };
		43011A34286A34AA00016C49 /* Colors.xcassets in Resources */ = {isa = PBXBuildFile; fileRef = 43011A33286A34AA00016C49 /* Colors.xcassets */; };
		43011A37286A35FF00016C49 /* OnboardingViewController.swift in Sources */ = {isa = PBXBuildFile; fileRef = 43011A35286A35FF00016C49 /* OnboardingViewController.swift */; };
		43011A38286A35FF00016C49 /* OnboardingViewController.xib in Resources */ = {isa = PBXBuildFile; fileRef = 43011A36286A35FF00016C49 /* OnboardingViewController.xib */; };
		43011A3C286A36DE00016C49 /* OnboardingCell.swift in Sources */ = {isa = PBXBuildFile; fileRef = 43011A3A286A36DE00016C49 /* OnboardingCell.swift */; };
		43011A3D286A36DE00016C49 /* OnboardingCell.xib in Resources */ = {isa = PBXBuildFile; fileRef = 43011A3B286A36DE00016C49 /* OnboardingCell.xib */; };
		43011A42286A371E00016C49 /* CustomXib.swift in Sources */ = {isa = PBXBuildFile; fileRef = 43011A3E286A371E00016C49 /* CustomXib.swift */; };
		43011A43286A371E00016C49 /* Optional+Extension.swift in Sources */ = {isa = PBXBuildFile; fileRef = 43011A3F286A371E00016C49 /* Optional+Extension.swift */; };
		43011A44286A371E00016C49 /* NSObject+Extension.swift in Sources */ = {isa = PBXBuildFile; fileRef = 43011A40286A371E00016C49 /* NSObject+Extension.swift */; };
		43011A45286A371E00016C49 /* UIColor+Extension.swift in Sources */ = {isa = PBXBuildFile; fileRef = 43011A41286A371E00016C49 /* UIColor+Extension.swift */; };
		43011A47286A397400016C49 /* OnboardingViewModel.swift in Sources */ = {isa = PBXBuildFile; fileRef = 43011A46286A397400016C49 /* OnboardingViewModel.swift */; };
		43011A49286A3EB700016C49 /* UICollectionView+Extension.swift in Sources */ = {isa = PBXBuildFile; fileRef = 43011A48286A3EB700016C49 /* UICollectionView+Extension.swift */; };
		43011A4B286A49E500016C49 /* Onboarding.swift in Sources */ = {isa = PBXBuildFile; fileRef = 43011A4A286A49E500016C49 /* Onboarding.swift */; };
		43011A50286CA0F800016C49 /* MainViewController.swift in Sources */ = {isa = PBXBuildFile; fileRef = 43011A4E286CA0F800016C49 /* MainViewController.swift */; };
		43011A51286CA0F800016C49 /* MainViewController.xib in Resources */ = {isa = PBXBuildFile; fileRef = 43011A4F286CA0F800016C49 /* MainViewController.xib */; };
		43011A55286CA4B300016C49 /* CustomTopBar.xib in Resources */ = {isa = PBXBuildFile; fileRef = 43011A54286CA4B300016C49 /* CustomTopBar.xib */; };
		43011A57286CA53800016C49 /* UIImageView+Extension.swift in Sources */ = {isa = PBXBuildFile; fileRef = 43011A56286CA53800016C49 /* UIImageView+Extension.swift */; };
		43011A59286CA73700016C49 /* CustomTopBar.swift in Sources */ = {isa = PBXBuildFile; fileRef = 43011A58286CA73700016C49 /* CustomTopBar.swift */; };
		43011A5B286CAA8500016C49 /* UIView+Extension.swift in Sources */ = {isa = PBXBuildFile; fileRef = 43011A5A286CAA8500016C49 /* UIView+Extension.swift */; };
		43011A5D286CAEC100016C49 /* MainViewModel.swift in Sources */ = {isa = PBXBuildFile; fileRef = 43011A5C286CAEC100016C49 /* MainViewModel.swift */; };
		43011A60286CB5AE00016C49 /* ProfilePopupView.xib in Resources */ = {isa = PBXBuildFile; fileRef = 43011A5F286CB5AE00016C49 /* ProfilePopupView.xib */; };
/* End PBXBuildFile section */

/* Begin PBXFileReference section */
		43011A16286A345600016C49 /* TodoITNOW.app */ = {isa = PBXFileReference; explicitFileType = wrapper.application; includeInIndex = 0; path = TodoITNOW.app; sourceTree = BUILT_PRODUCTS_DIR; };
		43011A19286A345600016C49 /* AppDelegate.swift */ = {isa = PBXFileReference; lastKnownFileType = sourcecode.swift; path = AppDelegate.swift; sourceTree = "<group>"; };
		43011A1B286A345600016C49 /* SceneDelegate.swift */ = {isa = PBXFileReference; lastKnownFileType = sourcecode.swift; path = SceneDelegate.swift; sourceTree = "<group>"; };
		43011A22286A345800016C49 /* Assets.xcassets */ = {isa = PBXFileReference; lastKnownFileType = folder.assetcatalog; path = Assets.xcassets; sourceTree = "<group>"; };
		43011A25286A345800016C49 /* Base */ = {isa = PBXFileReference; lastKnownFileType = file.storyboard; name = Base; path = Base.lproj/LaunchScreen.storyboard; sourceTree = "<group>"; };
		43011A27286A345800016C49 /* Info.plist */ = {isa = PBXFileReference; lastKnownFileType = text.plist.xml; path = Info.plist; sourceTree = "<group>"; };
		43011A33286A34AA00016C49 /* Colors.xcassets */ = {isa = PBXFileReference; lastKnownFileType = folder.assetcatalog; path = Colors.xcassets; sourceTree = "<group>"; };
		43011A35286A35FF00016C49 /* OnboardingViewController.swift */ = {isa = PBXFileReference; lastKnownFileType = sourcecode.swift; path = OnboardingViewController.swift; sourceTree = "<group>"; };
		43011A36286A35FF00016C49 /* OnboardingViewController.xib */ = {isa = PBXFileReference; lastKnownFileType = file.xib; path = OnboardingViewController.xib; sourceTree = "<group>"; };
		43011A3A286A36DE00016C49 /* OnboardingCell.swift */ = {isa = PBXFileReference; lastKnownFileType = sourcecode.swift; path = OnboardingCell.swift; sourceTree = "<group>"; };
		43011A3B286A36DE00016C49 /* OnboardingCell.xib */ = {isa = PBXFileReference; lastKnownFileType = file.xib; path = OnboardingCell.xib; sourceTree = "<group>"; };
		43011A3E286A371E00016C49 /* CustomXib.swift */ = {isa = PBXFileReference; fileEncoding = 4; lastKnownFileType = sourcecode.swift; path = CustomXib.swift; sourceTree = "<group>"; };
		43011A3F286A371E00016C49 /* Optional+Extension.swift */ = {isa = PBXFileReference; fileEncoding = 4; lastKnownFileType = sourcecode.swift; path = "Optional+Extension.swift"; sourceTree = "<group>"; };
		43011A40286A371E00016C49 /* NSObject+Extension.swift */ = {isa = PBXFileReference; fileEncoding = 4; lastKnownFileType = sourcecode.swift; path = "NSObject+Extension.swift"; sourceTree = "<group>"; };
		43011A41286A371E00016C49 /* UIColor+Extension.swift */ = {isa = PBXFileReference; fileEncoding = 4; lastKnownFileType = sourcecode.swift; path = "UIColor+Extension.swift"; sourceTree = "<group>"; };
		43011A46286A397400016C49 /* OnboardingViewModel.swift */ = {isa = PBXFileReference; lastKnownFileType = sourcecode.swift; path = OnboardingViewModel.swift; sourceTree = "<group>"; };
		43011A48286A3EB700016C49 /* UICollectionView+Extension.swift */ = {isa = PBXFileReference; lastKnownFileType = sourcecode.swift; path = "UICollectionView+Extension.swift"; sourceTree = "<group>"; };
		43011A4A286A49E500016C49 /* Onboarding.swift */ = {isa = PBXFileReference; lastKnownFileType = sourcecode.swift; path = Onboarding.swift; sourceTree = "<group>"; };
		43011A4E286CA0F800016C49 /* MainViewController.swift */ = {isa = PBXFileReference; lastKnownFileType = sourcecode.swift; path = MainViewController.swift; sourceTree = "<group>"; };
		43011A4F286CA0F800016C49 /* MainViewController.xib */ = {isa = PBXFileReference; lastKnownFileType = file.xib; path = MainViewController.xib; sourceTree = "<group>"; };
		43011A54286CA4B300016C49 /* CustomTopBar.xib */ = {isa = PBXFileReference; lastKnownFileType = file.xib; path = CustomTopBar.xib; sourceTree = "<group>"; };
		43011A56286CA53800016C49 /* UIImageView+Extension.swift */ = {isa = PBXFileReference; lastKnownFileType = sourcecode.swift; path = "UIImageView+Extension.swift"; sourceTree = "<group>"; };
		43011A58286CA73700016C49 /* CustomTopBar.swift */ = {isa = PBXFileReference; lastKnownFileType = sourcecode.swift; path = CustomTopBar.swift; sourceTree = "<group>"; };
		43011A5A286CAA8500016C49 /* UIView+Extension.swift */ = {isa = PBXFileReference; lastKnownFileType = sourcecode.swift; path = "UIView+Extension.swift"; sourceTree = "<group>"; };
		43011A5C286CAEC100016C49 /* MainViewModel.swift */ = {isa = PBXFileReference; lastKnownFileType = sourcecode.swift; path = MainViewModel.swift; sourceTree = "<group>"; };
		43011A5F286CB5AE00016C49 /* ProfilePopupView.xib */ = {isa = PBXFileReference; lastKnownFileType = file.xib; path = ProfilePopupView.xib; sourceTree = "<group>"; };
/* End PBXFileReference section */

/* Begin PBXFrameworksBuildPhase section */
		43011A13286A345600016C49 /* Frameworks */ = {
			isa = PBXFrameworksBuildPhase;
			buildActionMask = 2147483647;
			files = (
			);
			runOnlyForDeploymentPostprocessing = 0;
		};
/* End PBXFrameworksBuildPhase section */

/* Begin PBXGroup section */
		43011A0D286A345600016C49 = {
			isa = PBXGroup;
			children = (
				43011A18286A345600016C49 /* TodoITNOW */,
				43011A17286A345600016C49 /* Products */,
			);
			sourceTree = "<group>";
		};
		43011A17286A345600016C49 /* Products */ = {
			isa = PBXGroup;
			children = (
				43011A16286A345600016C49 /* TodoITNOW.app */,
			);
			name = Products;
			sourceTree = "<group>";
		};
		43011A18286A345600016C49 /* TodoITNOW */ = {
			isa = PBXGroup;
			children = (
				43011A31286A347A00016C49 /* Model */,
				43011A30286A347700016C49 /* UI */,
				43011A52286CA49A00016C49 /* Components */,
				43011A2F286A347000016C49 /* Extensions */,
				43011A2E286A346A00016C49 /* SupportingFiles */,
				43011A2D286A345F00016C49 /* AppFiles */,
				43011A27286A345800016C49 /* Info.plist */,
			);
			path = TodoITNOW;
			sourceTree = "<group>";
		};
		43011A2D286A345F00016C49 /* AppFiles */ = {
			isa = PBXGroup;
			children = (
				43011A19286A345600016C49 /* AppDelegate.swift */,
				43011A1B286A345600016C49 /* SceneDelegate.swift */,
				43011A24286A345800016C49 /* LaunchScreen.storyboard */,
			);
			path = AppFiles;
			sourceTree = "<group>";
		};
		43011A2E286A346A00016C49 /* SupportingFiles */ = {
			isa = PBXGroup;
			children = (
				43011A22286A345800016C49 /* Assets.xcassets */,
				43011A33286A34AA00016C49 /* Colors.xcassets */,
			);
			path = SupportingFiles;
			sourceTree = "<group>";
		};
		43011A2F286A347000016C49 /* Extensions */ = {
			isa = PBXGroup;
			children = (
				43011A3E286A371E00016C49 /* CustomXib.swift */,
				43011A40286A371E00016C49 /* NSObject+Extension.swift */,
				43011A3F286A371E00016C49 /* Optional+Extension.swift */,
				43011A41286A371E00016C49 /* UIColor+Extension.swift */,
				43011A48286A3EB700016C49 /* UICollectionView+Extension.swift */,
				43011A56286CA53800016C49 /* UIImageView+Extension.swift */,
				43011A5A286CAA8500016C49 /* UIView+Extension.swift */,
			);
			path = Extensions;
			sourceTree = "<group>";
		};
		43011A30286A347700016C49 /* UI */ = {
			isa = PBXGroup;
			children = (
				43011A4D286CA0CD00016C49 /* Main */,
				43011A4C286CA0BD00016C49 /* Onboarding */,
			);
			path = UI;
			sourceTree = "<group>";
		};
		43011A31286A347A00016C49 /* Model */ = {
			isa = PBXGroup;
			children = (
				43011A4A286A49E500016C49 /* Onboarding.swift */,
			);
			path = Model;
			sourceTree = "<group>";
		};
		43011A39286A36BA00016C49 /* Cells */ = {
			isa = PBXGroup;
			children = (
				43011A3A286A36DE00016C49 /* OnboardingCell.swift */,
				43011A3B286A36DE00016C49 /* OnboardingCell.xib */,
			);
			path = Cells;
			sourceTree = "<group>";
		};
		43011A4C286CA0BD00016C49 /* Onboarding */ = {
			isa = PBXGroup;
			children = (
				43011A39286A36BA00016C49 /* Cells */,
				43011A46286A397400016C49 /* OnboardingViewModel.swift */,
				43011A35286A35FF00016C49 /* OnboardingViewController.swift */,
				43011A36286A35FF00016C49 /* OnboardingViewController.xib */,
			);
			path = Onboarding;
			sourceTree = "<group>";
		};
		43011A4D286CA0CD00016C49 /* Main */ = {
			isa = PBXGroup;
			children = (
				43011A5E286CB59500016C49 /* Views */,
				43011A5C286CAEC100016C49 /* MainViewModel.swift */,
				43011A4E286CA0F800016C49 /* MainViewController.swift */,
				43011A4F286CA0F800016C49 /* MainViewController.xib */,
			);
			path = Main;
			sourceTree = "<group>";
		};
		43011A52286CA49A00016C49 /* Components */ = {
			isa = PBXGroup;
			children = (
				43011A53286CA4A500016C49 /* CustomTopBar */,
			);
			path = Components;
			sourceTree = "<group>";
		};
		43011A53286CA4A500016C49 /* CustomTopBar */ = {
			isa = PBXGroup;
			children = (
				43011A54286CA4B300016C49 /* CustomTopBar.xib */,
				43011A58286CA73700016C49 /* CustomTopBar.swift */,
			);
			path = CustomTopBar;
			sourceTree = "<group>";
		};
		43011A5E286CB59500016C49 /* Views */ = {
			isa = PBXGroup;
			children = (
				43011A5F286CB5AE00016C49 /* ProfilePopupView.xib */,
			);
			path = Views;
			sourceTree = "<group>";
		};
/* End PBXGroup section */

/* Begin PBXNativeTarget section */
		43011A15286A345600016C49 /* TodoITNOW */ = {
			isa = PBXNativeTarget;
			buildConfigurationList = 43011A2A286A345800016C49 /* Build configuration list for PBXNativeTarget "TodoITNOW" */;
			buildPhases = (
				43011A12286A345600016C49 /* Sources */,
				43011A13286A345600016C49 /* Frameworks */,
				43011A14286A345600016C49 /* Resources */,
			);
			buildRules = (
			);
			dependencies = (
			);
			name = TodoITNOW;
			productName = TodoITNOW;
			productReference = 43011A16286A345600016C49 /* TodoITNOW.app */;
			productType = "com.apple.product-type.application";
		};
/* End PBXNativeTarget section */

/* Begin PBXProject section */
		43011A0E286A345600016C49 /* Project object */ = {
			isa = PBXProject;
			attributes = {
				BuildIndependentTargetsInParallel = 1;
				LastSwiftUpdateCheck = 1340;
				LastUpgradeCheck = 1340;
				TargetAttributes = {
					43011A15286A345600016C49 = {
						CreatedOnToolsVersion = 13.4.1;
					};
				};
			};
			buildConfigurationList = 43011A11286A345600016C49 /* Build configuration list for PBXProject "TodoITNOW" */;
			compatibilityVersion = "Xcode 13.0";
			developmentRegion = en;
			hasScannedForEncodings = 0;
			knownRegions = (
				en,
				Base,
			);
			mainGroup = 43011A0D286A345600016C49;
			productRefGroup = 43011A17286A345600016C49 /* Products */;
			projectDirPath = "";
			projectRoot = "";
			targets = (
				43011A15286A345600016C49 /* TodoITNOW */,
			);
		};
/* End PBXProject section */

/* Begin PBXResourcesBuildPhase section */
		43011A14286A345600016C49 /* Resources */ = {
			isa = PBXResourcesBuildPhase;
			buildActionMask = 2147483647;
			files = (
				43011A3D286A36DE00016C49 /* OnboardingCell.xib in Resources */,
				43011A51286CA0F800016C49 /* MainViewController.xib in Resources */,
				43011A26286A345800016C49 /* LaunchScreen.storyboard in Resources */,
				43011A34286A34AA00016C49 /* Colors.xcassets in Resources */,
				43011A38286A35FF00016C49 /* OnboardingViewController.xib in Resources */,
				43011A60286CB5AE00016C49 /* ProfilePopupView.xib in Resources */,
				43011A23286A345800016C49 /* Assets.xcassets in Resources */,
				43011A55286CA4B300016C49 /* CustomTopBar.xib in Resources */,
			);
			runOnlyForDeploymentPostprocessing = 0;
		};
/* End PBXResourcesBuildPhase section */

/* Begin PBXSourcesBuildPhase section */
		43011A12286A345600016C49 /* Sources */ = {
			isa = PBXSourcesBuildPhase;
			buildActionMask = 2147483647;
			files = (
				43011A59286CA73700016C49 /* CustomTopBar.swift in Sources */,
				43011A1A286A345600016C49 /* AppDelegate.swift in Sources */,
				43011A43286A371E00016C49 /* Optional+Extension.swift in Sources */,
				43011A5B286CAA8500016C49 /* UIView+Extension.swift in Sources */,
				43011A57286CA53800016C49 /* UIImageView+Extension.swift in Sources */,
				43011A37286A35FF00016C49 /* OnboardingViewController.swift in Sources */,
				43011A50286CA0F800016C49 /* MainViewController.swift in Sources */,
				43011A3C286A36DE00016C49 /* OnboardingCell.swift in Sources */,
				43011A47286A397400016C49 /* OnboardingViewModel.swift in Sources */,
				43011A4B286A49E500016C49 /* Onboarding.swift in Sources */,
				43011A42286A371E00016C49 /* CustomXib.swift in Sources */,
				43011A49286A3EB700016C49 /* UICollectionView+Extension.swift in Sources */,
				43011A1C286A345600016C49 /* SceneDelegate.swift in Sources */,
				43011A44286A371E00016C49 /* NSObject+Extension.swift in Sources */,
				43011A45286A371E00016C49 /* UIColor+Extension.swift in Sources */,
				43011A5D286CAEC100016C49 /* MainViewModel.swift in Sources */,
			);
			runOnlyForDeploymentPostprocessing = 0;
		};
/* End PBXSourcesBuildPhase section */

/* Begin PBXVariantGroup section */
		43011A24286A345800016C49 /* LaunchScreen.storyboard */ = {
			isa = PBXVariantGroup;
			children = (
				43011A25286A345800016C49 /* Base */,
			);
			name = LaunchScreen.storyboard;
			sourceTree = "<group>";
		};
/* End PBXVariantGroup section */

/* Begin XCBuildConfiguration section */
		43011A28286A345800016C49 /* Debug */ = {
			isa = XCBuildConfiguration;
			buildSettings = {
				ALWAYS_SEARCH_USER_PATHS = NO;
				CLANG_ANALYZER_NONNULL = YES;
				CLANG_ANALYZER_NUMBER_OBJECT_CONVERSION = YES_AGGRESSIVE;
				CLANG_CXX_LANGUAGE_STANDARD = "gnu++17";
				CLANG_ENABLE_MODULES = YES;
				CLANG_ENABLE_OBJC_ARC = YES;
				CLANG_ENABLE_OBJC_WEAK = YES;
				CLANG_WARN_BLOCK_CAPTURE_AUTORELEASING = YES;
				CLANG_WARN_BOOL_CONVERSION = YES;
				CLANG_WARN_COMMA = YES;
				CLANG_WARN_CONSTANT_CONVERSION = YES;
				CLANG_WARN_DEPRECATED_OBJC_IMPLEMENTATIONS = YES;
				CLANG_WARN_DIRECT_OBJC_ISA_USAGE = YES_ERROR;
				CLANG_WARN_DOCUMENTATION_COMMENTS = YES;
				CLANG_WARN_EMPTY_BODY = YES;
				CLANG_WARN_ENUM_CONVERSION = YES;
				CLANG_WARN_INFINITE_RECURSION = YES;
				CLANG_WARN_INT_CONVERSION = YES;
				CLANG_WARN_NON_LITERAL_NULL_CONVERSION = YES;
				CLANG_WARN_OBJC_IMPLICIT_RETAIN_SELF = YES;
				CLANG_WARN_OBJC_LITERAL_CONVERSION = YES;
				CLANG_WARN_OBJC_ROOT_CLASS = YES_ERROR;
				CLANG_WARN_QUOTED_INCLUDE_IN_FRAMEWORK_HEADER = YES;
				CLANG_WARN_RANGE_LOOP_ANALYSIS = YES;
				CLANG_WARN_STRICT_PROTOTYPES = YES;
				CLANG_WARN_SUSPICIOUS_MOVE = YES;
				CLANG_WARN_UNGUARDED_AVAILABILITY = YES_AGGRESSIVE;
				CLANG_WARN_UNREACHABLE_CODE = YES;
				CLANG_WARN__DUPLICATE_METHOD_MATCH = YES;
				COPY_PHASE_STRIP = NO;
				DEBUG_INFORMATION_FORMAT = dwarf;
				ENABLE_STRICT_OBJC_MSGSEND = YES;
				ENABLE_TESTABILITY = YES;
				GCC_C_LANGUAGE_STANDARD = gnu11;
				GCC_DYNAMIC_NO_PIC = NO;
				GCC_NO_COMMON_BLOCKS = YES;
				GCC_OPTIMIZATION_LEVEL = 0;
				GCC_PREPROCESSOR_DEFINITIONS = (
					"DEBUG=1",
					"$(inherited)",
				);
				GCC_WARN_64_TO_32_BIT_CONVERSION = YES;
				GCC_WARN_ABOUT_RETURN_TYPE = YES_ERROR;
				GCC_WARN_UNDECLARED_SELECTOR = YES;
				GCC_WARN_UNINITIALIZED_AUTOS = YES_AGGRESSIVE;
				GCC_WARN_UNUSED_FUNCTION = YES;
				GCC_WARN_UNUSED_VARIABLE = YES;
				IPHONEOS_DEPLOYMENT_TARGET = 15.5;
				MTL_ENABLE_DEBUG_INFO = INCLUDE_SOURCE;
				MTL_FAST_MATH = YES;
				ONLY_ACTIVE_ARCH = YES;
				SDKROOT = iphoneos;
				SWIFT_ACTIVE_COMPILATION_CONDITIONS = DEBUG;
				SWIFT_OPTIMIZATION_LEVEL = "-Onone";
			};
			name = Debug;
		};
		43011A29286A345800016C49 /* Release */ = {
			isa = XCBuildConfiguration;
			buildSettings = {
				ALWAYS_SEARCH_USER_PATHS = NO;
				CLANG_ANALYZER_NONNULL = YES;
				CLANG_ANALYZER_NUMBER_OBJECT_CONVERSION = YES_AGGRESSIVE;
				CLANG_CXX_LANGUAGE_STANDARD = "gnu++17";
				CLANG_ENABLE_MODULES = YES;
				CLANG_ENABLE_OBJC_ARC = YES;
				CLANG_ENABLE_OBJC_WEAK = YES;
				CLANG_WARN_BLOCK_CAPTURE_AUTORELEASING = YES;
				CLANG_WARN_BOOL_CONVERSION = YES;
				CLANG_WARN_COMMA = YES;
				CLANG_WARN_CONSTANT_CONVERSION = YES;
				CLANG_WARN_DEPRECATED_OBJC_IMPLEMENTATIONS = YES;
				CLANG_WARN_DIRECT_OBJC_ISA_USAGE = YES_ERROR;
				CLANG_WARN_DOCUMENTATION_COMMENTS = YES;
				CLANG_WARN_EMPTY_BODY = YES;
				CLANG_WARN_ENUM_CONVERSION = YES;
				CLANG_WARN_INFINITE_RECURSION = YES;
				CLANG_WARN_INT_CONVERSION = YES;
				CLANG_WARN_NON_LITERAL_NULL_CONVERSION = YES;
				CLANG_WARN_OBJC_IMPLICIT_RETAIN_SELF = YES;
				CLANG_WARN_OBJC_LITERAL_CONVERSION = YES;
				CLANG_WARN_OBJC_ROOT_CLASS = YES_ERROR;
				CLANG_WARN_QUOTED_INCLUDE_IN_FRAMEWORK_HEADER = YES;
				CLANG_WARN_RANGE_LOOP_ANALYSIS = YES;
				CLANG_WARN_STRICT_PROTOTYPES = YES;
				CLANG_WARN_SUSPICIOUS_MOVE = YES;
				CLANG_WARN_UNGUARDED_AVAILABILITY = YES_AGGRESSIVE;
				CLANG_WARN_UNREACHABLE_CODE = YES;
				CLANG_WARN__DUPLICATE_METHOD_MATCH = YES;
				COPY_PHASE_STRIP = NO;
				DEBUG_INFORMATION_FORMAT = "dwarf-with-dsym";
				ENABLE_NS_ASSERTIONS = NO;
				ENABLE_STRICT_OBJC_MSGSEND = YES;
				GCC_C_LANGUAGE_STANDARD = gnu11;
				GCC_NO_COMMON_BLOCKS = YES;
				GCC_WARN_64_TO_32_BIT_CONVERSION = YES;
				GCC_WARN_ABOUT_RETURN_TYPE = YES_ERROR;
				GCC_WARN_UNDECLARED_SELECTOR = YES;
				GCC_WARN_UNINITIALIZED_AUTOS = YES_AGGRESSIVE;
				GCC_WARN_UNUSED_FUNCTION = YES;
				GCC_WARN_UNUSED_VARIABLE = YES;
				IPHONEOS_DEPLOYMENT_TARGET = 15.5;
				MTL_ENABLE_DEBUG_INFO = NO;
				MTL_FAST_MATH = YES;
				SDKROOT = iphoneos;
				SWIFT_COMPILATION_MODE = wholemodule;
				SWIFT_OPTIMIZATION_LEVEL = "-O";
				VALIDATE_PRODUCT = YES;
			};
			name = Release;
		};
		43011A2B286A345800016C49 /* Debug */ = {
			isa = XCBuildConfiguration;
			buildSettings = {
				ASSETCATALOG_COMPILER_APPICON_NAME = AppIcon;
				ASSETCATALOG_COMPILER_GLOBAL_ACCENT_COLOR_NAME = AccentColor;
				CODE_SIGN_STYLE = Automatic;
				CURRENT_PROJECT_VERSION = 1;
				DEVELOPMENT_TEAM = 69C88V47FD;
				GENERATE_INFOPLIST_FILE = YES;
				INFOPLIST_FILE = TodoITNOW/Info.plist;
				INFOPLIST_KEY_UIApplicationSupportsIndirectInputEvents = YES;
				INFOPLIST_KEY_UILaunchStoryboardName = LaunchScreen;
				INFOPLIST_KEY_UIMainStoryboardFile = LaunchScreen;
				INFOPLIST_KEY_UISupportedInterfaceOrientations_iPad = "UIInterfaceOrientationPortrait UIInterfaceOrientationPortraitUpsideDown UIInterfaceOrientationLandscapeLeft UIInterfaceOrientationLandscapeRight";
				INFOPLIST_KEY_UISupportedInterfaceOrientations_iPhone = "UIInterfaceOrientationPortrait UIInterfaceOrientationLandscapeLeft UIInterfaceOrientationLandscapeRight";
				LD_RUNPATH_SEARCH_PATHS = (
					"$(inherited)",
					"@executable_path/Frameworks",
				);
				MARKETING_VERSION = 1.0;
				PRODUCT_BUNDLE_IDENTIFIER = com.dimabonder.TodoITNOW;
				PRODUCT_NAME = "$(TARGET_NAME)";
				SWIFT_EMIT_LOC_STRINGS = YES;
				SWIFT_VERSION = 5.0;
				TARGETED_DEVICE_FAMILY = "1,2";
			};
			name = Debug;
		};
		43011A2C286A345800016C49 /* Release */ = {
			isa = XCBuildConfiguration;
			buildSettings = {
				ASSETCATALOG_COMPILER_APPICON_NAME = AppIcon;
				ASSETCATALOG_COMPILER_GLOBAL_ACCENT_COLOR_NAME = AccentColor;
				CODE_SIGN_STYLE = Automatic;
				CURRENT_PROJECT_VERSION = 1;
				DEVELOPMENT_TEAM = 69C88V47FD;
				GENERATE_INFOPLIST_FILE = YES;
				INFOPLIST_FILE = TodoITNOW/Info.plist;
				INFOPLIST_KEY_UIApplicationSupportsIndirectInputEvents = YES;
				INFOPLIST_KEY_UILaunchStoryboardName = LaunchScreen;
				INFOPLIST_KEY_UIMainStoryboardFile = LaunchScreen;
				INFOPLIST_KEY_UISupportedInterfaceOrientations_iPad = "UIInterfaceOrientationPortrait UIInterfaceOrientationPortraitUpsideDown UIInterfaceOrientationLandscapeLeft UIInterfaceOrientationLandscapeRight";
				INFOPLIST_KEY_UISupportedInterfaceOrientations_iPhone = "UIInterfaceOrientationPortrait UIInterfaceOrientationLandscapeLeft UIInterfaceOrientationLandscapeRight";
				LD_RUNPATH_SEARCH_PATHS = (
					"$(inherited)",
					"@executable_path/Frameworks",
				);
				MARKETING_VERSION = 1.0;
				PRODUCT_BUNDLE_IDENTIFIER = com.dimabonder.TodoITNOW;
				PRODUCT_NAME = "$(TARGET_NAME)";
				SWIFT_EMIT_LOC_STRINGS = YES;
				SWIFT_VERSION = 5.0;
				TARGETED_DEVICE_FAMILY = "1,2";
			};
			name = Release;
		};
/* End XCBuildConfiguration section */

/* Begin XCConfigurationList section */
		43011A11286A345600016C49 /* Build configuration list for PBXProject "TodoITNOW" */ = {
			isa = XCConfigurationList;
			buildConfigurations = (
				43011A28286A345800016C49 /* Debug */,
				43011A29286A345800016C49 /* Release */,
			);
			defaultConfigurationIsVisible = 0;
			defaultConfigurationName = Release;
		};
		43011A2A286A345800016C49 /* Build configuration list for PBXNativeTarget "TodoITNOW" */ = {
			isa = XCConfigurationList;
			buildConfigurations = (
				43011A2B286A345800016C49 /* Debug */,
				43011A2C286A345800016C49 /* Release */,
			);
			defaultConfigurationIsVisible = 0;
			defaultConfigurationName = Release;
		};
/* End XCConfigurationList section */
	};
	rootObject = 43011A0E286A345600016C49 /* Project object */;
}
